// !$*UTF8*$!
{
	archiveVersion = 1;
	classes = {
	};
	objectVersion = 50;
	objects = {

/* Begin PBXBuildFile section */
		204C553E21B7E7E8005B2267 /* AppDelegate.swift in Sources */ = {isa = PBXBuildFile; fileRef = 204C553D21B7E7E8005B2267 /* AppDelegate.swift */; };
		204C554021B7E7E8005B2267 /* PaprTabBarController.swift in Sources */ = {isa = PBXBuildFile; fileRef = 204C553F21B7E7E8005B2267 /* PaprTabBarController.swift */; };
		204C554321B7E7E8005B2267 /* Main.storyboard in Resources */ = {isa = PBXBuildFile; fileRef = 204C554121B7E7E8005B2267 /* Main.storyboard */; };
		204C554521B7E7E9005B2267 /* Assets.xcassets in Resources */ = {isa = PBXBuildFile; fileRef = 204C554421B7E7E9005B2267 /* Assets.xcassets */; };
		204C554821B7E7E9005B2267 /* LaunchScreen.storyboard in Resources */ = {isa = PBXBuildFile; fileRef = 204C554621B7E7E9005B2267 /* LaunchScreen.storyboard */; };
/* End PBXBuildFile section */

/* Begin PBXFileReference section */
		204C553A21B7E7E8005B2267 /* MyPapr.app */ = {isa = PBXFileReference; explicitFileType = wrapper.application; includeInIndex = 0; path = MyPapr.app; sourceTree = BUILT_PRODUCTS_DIR; };
		204C553D21B7E7E8005B2267 /* AppDelegate.swift */ = {isa = PBXFileReference; lastKnownFileType = sourcecode.swift; path = AppDelegate.swift; sourceTree = "<group>"; };
		204C553F21B7E7E8005B2267 /* PaprTabBarController.swift */ = {isa = PBXFileReference; lastKnownFileType = sourcecode.swift; path = PaprTabBarController.swift; sourceTree = "<group>"; };
		204C554221B7E7E8005B2267 /* Base */ = {isa = PBXFileReference; lastKnownFileType = file.storyboard; name = Base; path = Base.lproj/Main.storyboard; sourceTree = "<group>"; };
		204C554421B7E7E9005B2267 /* Assets.xcassets */ = {isa = PBXFileReference; lastKnownFileType = folder.assetcatalog; path = Assets.xcassets; sourceTree = "<group>"; };
		204C554721B7E7E9005B2267 /* Base */ = {isa = PBXFileReference; lastKnownFileType = file.storyboard; name = Base; path = Base.lproj/LaunchScreen.storyboard; sourceTree = "<group>"; };
		204C554921B7E7E9005B2267 /* Info.plist */ = {isa = PBXFileReference; lastKnownFileType = text.plist.xml; path = Info.plist; sourceTree = "<group>"; };
/* End PBXFileReference section */

/* Begin PBXFrameworksBuildPhase section */
		204C553721B7E7E8005B2267 /* Frameworks */ = {
			isa = PBXFrameworksBuildPhase;
			buildActionMask = 2147483647;
			files = (
			);
			runOnlyForDeploymentPostprocessing = 0;
		};
/* End PBXFrameworksBuildPhase section */

/* Begin PBXGroup section */
		204C553121B7E7E8005B2267 = {
			isa = PBXGroup;
			children = (
				204C553C21B7E7E8005B2267 /* MyPapr */,
				204C553B21B7E7E8005B2267 /* Products */,
			);
			sourceTree = "<group>";
		};
		204C553B21B7E7E8005B2267 /* Products */ = {
			isa = PBXGroup;
			children = (
				204C553A21B7E7E8005B2267 /* MyPapr.app */,
			);
			name = Products;
			sourceTree = "<group>";
		};
		204C553C21B7E7E8005B2267 /* MyPapr */ = {
			isa = PBXGroup;
			children = (
				204C555121B7E9C2005B2267 /* App Delegate */,
				204C554F21B7E99B005B2267 /* Scenes */,
				204C555221B7E9D5005B2267 /* Storyboards */,
				204C555321B7E9E7005B2267 /* Resources */,
				204C555021B7E9AF005B2267 /* Supporting Files */,
			);
			path = MyPapr;
			sourceTree = "<group>";
		};
		204C554F21B7E99B005B2267 /* Scenes */ = {
			isa = PBXGroup;
			children = (
				204C553F21B7E7E8005B2267 /* PaprTabBarController.swift */,
			);
			path = Scenes;
			sourceTree = "<group>";
		};
		204C555021B7E9AF005B2267 /* Supporting Files */ = {
			isa = PBXGroup;
			children = (
				204C554921B7E7E9005B2267 /* Info.plist */,
			);
			path = "Supporting Files";
			sourceTree = "<group>";
		};
		204C555121B7E9C2005B2267 /* App Delegate */ = {
			isa = PBXGroup;
			children = (
				204C553D21B7E7E8005B2267 /* AppDelegate.swift */,
			);
			path = "App Delegate";
			sourceTree = "<group>";
		};
		204C555221B7E9D5005B2267 /* Storyboards */ = {
			isa = PBXGroup;
			children = (
				204C554621B7E7E9005B2267 /* LaunchScreen.storyboard */,
				204C554121B7E7E8005B2267 /* Main.storyboard */,
			);
			path = Storyboards;
			sourceTree = "<group>";
		};
		204C555321B7E9E7005B2267 /* Resources */ = {
			isa = PBXGroup;
			children = (
				204C554421B7E7E9005B2267 /* Assets.xcassets */,
			);
			path = Resources;
			sourceTree = "<group>";
		};
/* End PBXGroup section */

/* Begin PBXNativeTarget section */
		204C553921B7E7E8005B2267 /* MyPapr */ = {
			isa = PBXNativeTarget;
			buildConfigurationList = 204C554C21B7E7E9005B2267 /* Build configuration list for PBXNativeTarget "MyPapr" */;
			buildPhases = (
				204C553621B7E7E8005B2267 /* Sources */,
				204C553721B7E7E8005B2267 /* Frameworks */,
				204C553821B7E7E8005B2267 /* Resources */,
			);
			buildRules = (
			);
			dependencies = (
			);
			name = MyPapr;
			productName = MyPapr;
			productReference = 204C553A21B7E7E8005B2267 /* MyPapr.app */;
			productType = "com.apple.product-type.application";
		};
/* End PBXNativeTarget section */

/* Begin PBXProject section */
		204C553221B7E7E8005B2267 /* Project object */ = {
			isa = PBXProject;
			attributes = {
				LastSwiftUpdateCheck = 1010;
				LastUpgradeCheck = 1010;
				ORGANIZATIONNAME = Hollaport;
				TargetAttributes = {
					204C553921B7E7E8005B2267 = {
						CreatedOnToolsVersion = 10.1;
					};
				};
			};
			buildConfigurationList = 204C553521B7E7E8005B2267 /* Build configuration list for PBXProject "MyPapr" */;
			compatibilityVersion = "Xcode 9.3";
			developmentRegion = en;
			hasScannedForEncodings = 0;
			knownRegions = (
				en,
				Base,
			);
			mainGroup = 204C553121B7E7E8005B2267;
			productRefGroup = 204C553B21B7E7E8005B2267 /* Products */;
			projectDirPath = "";
			projectRoot = "";
			targets = (
				204C553921B7E7E8005B2267 /* MyPapr */,
			);
		};
/* End PBXProject section */

/* Begin PBXResourcesBuildPhase section */
		204C553821B7E7E8005B2267 /* Resources */ = {
			isa = PBXResourcesBuildPhase;
			buildActionMask = 2147483647;
			files = (
				204C554821B7E7E9005B2267 /* LaunchScreen.storyboard in Resources */,
				204C554521B7E7E9005B2267 /* Assets.xcassets in Resources */,
				204C554321B7E7E8005B2267 /* Main.storyboard in Resources */,
			);
			runOnlyForDeploymentPostprocessing = 0;
		};
/* End PBXResourcesBuildPhase section */

/* Begin PBXSourcesBuildPhase section */
		204C553621B7E7E8005B2267 /* Sources */ = {
			isa = PBXSourcesBuildPhase;
			buildActionMask = 2147483647;
			files = (
				204C554021B7E7E8005B2267 /* PaprTabBarController.swift in Sources */,
				204C553E21B7E7E8005B2267 /* AppDelegate.swift in Sources */,
			);
			runOnlyForDeploymentPostprocessing = 0;
		};
/* End PBXSourcesBuildPhase section */

/* Begin PBXVariantGroup section */
		204C554121B7E7E8005B2267 /* Main.storyboard */ = {
			isa = PBXVariantGroup;
			children = (
				204C554221B7E7E8005B2267 /* Base */,
			);
			name = Main.storyboard;
			sourceTree = "<group>";
		};
		204C554621B7E7E9005B2267 /* LaunchScreen.storyboard */ = {
			isa = PBXVariantGroup;
			children = (
				204C554721B7E7E9005B2267 /* Base */,
			);
			name = LaunchScreen.storyboard;
			sourceTree = "<group>";
		};
/* End PBXVariantGroup section */

/* Begin XCBuildConfiguration section */
		204C554A21B7E7E9005B2267 /* Debug */ = {
			isa = XCBuildConfiguration;
			buildSettings = {
				ALWAYS_SEARCH_USER_PATHS = NO;
				CLANG_ANALYZER_NONNULL = YES;
				CLANG_ANALYZER_NUMBER_OBJECT_CONVERSION = YES_AGGRESSIVE;
				CLANG_CXX_LANGUAGE_STANDARD = "gnu++14";
				CLANG_CXX_LIBRARY = "libc++";
				CLANG_ENABLE_MODULES = YES;
				CLANG_ENABLE_OBJC_ARC = YES;
				CLANG_ENABLE_OBJC_WEAK = YES;
				CLANG_WARN_BLOCK_CAPTURE_AUTORELEASING = YES;
				CLANG_WARN_BOOL_CONVERSION = YES;
				CLANG_WARN_COMMA = YES;
				CLANG_WARN_CONSTANT_CONVERSION = YES;
				CLANG_WARN_DEPRECATED_OBJC_IMPLEMENTATIONS = YES;
				CLANG_WARN_DIRECT_OBJC_ISA_USAGE = YES_ERROR;
				CLANG_WARN_DOCUMENTATION_COMMENTS = YES;
				CLANG_WARN_EMPTY_BODY = YES;
				CLANG_WARN_ENUM_CONVERSION = YES;
				CLANG_WARN_INFINITE_RECURSION = YES;
				CLANG_WARN_INT_CONVERSION = YES;
				CLANG_WARN_NON_LITERAL_NULL_CONVERSION = YES;
				CLANG_WARN_OBJC_IMPLICIT_RETAIN_SELF = YES;
				CLANG_WARN_OBJC_LITERAL_CONVERSION = YES;
				CLANG_WARN_OBJC_ROOT_CLASS = YES_ERROR;
				CLANG_WARN_RANGE_LOOP_ANALYSIS = YES;
				CLANG_WARN_STRICT_PROTOTYPES = YES;
				CLANG_WARN_SUSPICIOUS_MOVE = YES;
				CLANG_WARN_UNGUARDED_AVAILABILITY = YES_AGGRESSIVE;
				CLANG_WARN_UNREACHABLE_CODE = YES;
				CLANG_WARN__DUPLICATE_METHOD_MATCH = YES;
				CODE_SIGN_IDENTITY = "iPhone Developer";
				COPY_PHASE_STRIP = NO;
				DEBUG_INFORMATION_FORMAT = dwarf;
				ENABLE_STRICT_OBJC_MSGSEND = YES;
				ENABLE_TESTABILITY = YES;
				GCC_C_LANGUAGE_STANDARD = gnu11;
				GCC_DYNAMIC_NO_PIC = NO;
				GCC_NO_COMMON_BLOCKS = YES;
				GCC_OPTIMIZATION_LEVEL = 0;
				GCC_PREPROCESSOR_DEFINITIONS = (
					"DEBUG=1",
					"$(inherited)",
				);
				GCC_WARN_64_TO_32_BIT_CONVERSION = YES;
				GCC_WARN_ABOUT_RETURN_TYPE = YES_ERROR;
				GCC_WARN_UNDECLARED_SELECTOR = YES;
				GCC_WARN_UNINITIALIZED_AUTOS = YES_AGGRESSIVE;
				GCC_WARN_UNUSED_FUNCTION = YES;
				GCC_WARN_UNUSED_VARIABLE = YES;
				IPHONEOS_DEPLOYMENT_TARGET = 12.1;
				MTL_ENABLE_DEBUG_INFO = INCLUDE_SOURCE;
				MTL_FAST_MATH = YES;
				ONLY_ACTIVE_ARCH = YES;
				SDKROOT = iphoneos;
				SWIFT_ACTIVE_COMPILATION_CONDITIONS = DEBUG;
				SWIFT_OPTIMIZATION_LEVEL = "-Onone";
			};
			name = Debug;
		};
		204C554B21B7E7E9005B2267 /* Release */ = {
			isa = XCBuildConfiguration;
			buildSettings = {
				ALWAYS_SEARCH_USER_PATHS = NO;
				CLANG_ANALYZER_NONNULL = YES;
				CLANG_ANALYZER_NUMBER_OBJECT_CONVERSION = YES_AGGRESSIVE;
				CLANG_CXX_LANGUAGE_STANDARD = "gnu++14";
				CLANG_CXX_LIBRARY = "libc++";
				CLANG_ENABLE_MODULES = YES;
				CLANG_ENABLE_OBJC_ARC = YES;
				CLANG_ENABLE_OBJC_WEAK = YES;
				CLANG_WARN_BLOCK_CAPTURE_AUTORELEASING = YES;
				CLANG_WARN_BOOL_CONVERSION = YES;
				CLANG_WARN_COMMA = YES;
				CLANG_WARN_CONSTANT_CONVERSION = YES;
				CLANG_WARN_DEPRECATED_OBJC_IMPLEMENTATIONS = YES;
				CLANG_WARN_DIRECT_OBJC_ISA_USAGE = YES_ERROR;
				CLANG_WARN_DOCUMENTATION_COMMENTS = YES;
				CLANG_WARN_EMPTY_BODY = YES;
				CLANG_WARN_ENUM_CONVERSION = YES;
				CLANG_WARN_INFINITE_RECURSION = YES;
				CLANG_WARN_INT_CONVERSION = YES;
				CLANG_WARN_NON_LITERAL_NULL_CONVERSION = YES;
				CLANG_WARN_OBJC_IMPLICIT_RETAIN_SELF = YES;
				CLANG_WARN_OBJC_LITERAL_CONVERSION = YES;
				CLANG_WARN_OBJC_ROOT_CLASS = YES_ERROR;
				CLANG_WARN_RANGE_LOOP_ANALYSIS = YES;
				CLANG_WARN_STRICT_PROTOTYPES = YES;
				CLANG_WARN_SUSPICIOUS_MOVE = YES;
				CLANG_WARN_UNGUARDED_AVAILABILITY = YES_AGGRESSIVE;
				CLANG_WARN_UNREACHABLE_CODE = YES;
				CLANG_WARN__DUPLICATE_METHOD_MATCH = YES;
				CODE_SIGN_IDENTITY = "iPhone Developer";
				COPY_PHASE_STRIP = NO;
				DEBUG_INFORMATION_FORMAT = "dwarf-with-dsym";
				ENABLE_NS_ASSERTIONS = NO;
				ENABLE_STRICT_OBJC_MSGSEND = YES;
				GCC_C_LANGUAGE_STANDARD = gnu11;
				GCC_NO_COMMON_BLOCKS = YES;
				GCC_WARN_64_TO_32_BIT_CONVERSION = YES;
				GCC_WARN_ABOUT_RETURN_TYPE = YES_ERROR;
				GCC_WARN_UNDECLARED_SELECTOR = YES;
				GCC_WARN_UNINITIALIZED_AUTOS = YES_AGGRESSIVE;
				GCC_WARN_UNUSED_FUNCTION = YES;
				GCC_WARN_UNUSED_VARIABLE = YES;
				IPHONEOS_DEPLOYMENT_TARGET = 12.1;
				MTL_ENABLE_DEBUG_INFO = NO;
				MTL_FAST_MATH = YES;
				SDKROOT = iphoneos;
				SWIFT_COMPILATION_MODE = wholemodule;
				SWIFT_OPTIMIZATION_LEVEL = "-O";
				VALIDATE_PRODUCT = YES;
			};
			name = Release;
		};
		204C554D21B7E7E9005B2267 /* Debug */ = {
			isa = XCBuildConfiguration;
			buildSettings = {
				ASSETCATALOG_COMPILER_APPICON_NAME = AppIcon;
				CODE_SIGN_STYLE = Automatic;
				DEVELOPMENT_TEAM = 978YYWA6NH;
				INFOPLIST_FILE = "$(SRCROOT)/MyPapr/Supporting Files/Info.plist";
				LD_RUNPATH_SEARCH_PATHS = (
					"$(inherited)",
					"@executable_path/Frameworks",
				);
				PRODUCT_BUNDLE_IDENTIFIER = com.tobiomotayo.MyPapr;
				PRODUCT_NAME = "$(TARGET_NAME)";
				SWIFT_VERSION = 4.2;
				TARGETED_DEVICE_FAMILY = "1,2";
			};
			name = Debug;
		};
		204C554E21B7E7E9005B2267 /* Release */ = {
			isa = XCBuildConfiguration;
			buildSettings = {
				ASSETCATALOG_COMPILER_APPICON_NAME = AppIcon;
				CODE_SIGN_STYLE = Automatic;
				DEVELOPMENT_TEAM = 978YYWA6NH;
				INFOPLIST_FILE = "$(SRCROOT)/MyPapr/Supporting Files/Info.plist";
				LD_RUNPATH_SEARCH_PATHS = (
					"$(inherited)",
					"@executable_path/Frameworks",
				);
				PRODUCT_BUNDLE_IDENTIFIER = com.tobiomotayo.MyPapr;
				PRODUCT_NAME = "$(TARGET_NAME)";
				SWIFT_VERSION = 4.2;
				TARGETED_DEVICE_FAMILY = "1,2";
			};
			name = Release;
		};
/* End XCBuildConfiguration section */

/* Begin XCConfigurationList section */
		204C553521B7E7E8005B2267 /* Build configuration list for PBXProject "MyPapr" */ = {
			isa = XCConfigurationList;
			buildConfigurations = (
				204C554A21B7E7E9005B2267 /* Debug */,
				204C554B21B7E7E9005B2267 /* Release */,
			);
			defaultConfigurationIsVisible = 0;
			defaultConfigurationName = Release;
		};
		204C554C21B7E7E9005B2267 /* Build configuration list for PBXNativeTarget "MyPapr" */ = {
			isa = XCConfigurationList;
			buildConfigurations = (
				204C554D21B7E7E9005B2267 /* Debug */,
				204C554E21B7E7E9005B2267 /* Release */,
			);
			defaultConfigurationIsVisible = 0;
			defaultConfigurationName = Release;
		};
/* End XCConfigurationList section */
	};
	rootObject = 204C553221B7E7E8005B2267 /* Project object */;
}
